{
  "originHash" : "efe2656f4231a6f007948d31cfefbc73c29199c3222099435122ee28a4e1de76",
  "pins" : [
    {
      "identity" : "swift-asn1",
      "kind" : "remoteSourceControl",
      "location" : "https://github.com/apple/swift-asn1.git",
      "state" : {
        "revision" : "a9a5efd40eaf558a2bcd48d64b1d1646be686008",
        "version" : "1.7.1"
      }
    },
    {
      "identity" : "swift-crypto",
      "kind" : "remoteSourceControl",
      "location" : "https://github.com/apple/swift-crypto.git",
      "state" : {
        "revision" : "1b6b2e274e85105bfa155183145a1dcfd63331f1",
        "version" : "4.5.0"
      }
    },
    {
      "identity" : "swift-p2p-core",
      "kind" : "remoteSourceControl",
      "location" : "https://github.com/1amageek/swift-p2p-core.git",
      "state" : {
        "revision" : "52950d52a8c1beca3dbb0b892c2676ee1acad0c6",
        "version" : "0.2.1"
      }
    }
  ],
  "version" : 3
}
