{
  "originHash" : "ff98205d7d05edc6a1865ddf264b49ad1a9ff55451427f9e66b0e70820923f69",
  "pins" : [
    {
      "identity" : "swift-p2p-core",
      "kind" : "remoteSourceControl",
      "location" : "https://github.com/1amageek/swift-p2p-core.git",
      "state" : {
        "revision" : "a13d353fad1430c829da85b979a7c1f66110b526",
        "version" : "0.1.0"
      }
    }
  ],
  "version" : 3
}
